
Microsoft Visual Studio Solution File, Format Version 12.00
# Visual Studio Version 16
VisualStudioVersion = 16.0.28803.156
MinimumVisualStudioVersion = 10.0.40219.1
Project("{FAE04EC0-301F-11D3-BF4B-00C04F79EFBC}") = "MVC_Countries_Lab", "MVC_Countries_Lab\MVC_Countries_Lab.csproj", "{CE2EA9E2-7D4D-4A17-9E9E-EE3BD1F07762}"
EndProject
Global
	GlobalSection(SolutionConfigurationPlatforms) = preSolution
		Debug|Any CPU = Debug|Any CPU
		Release|Any CPU = Release|Any CPU
	EndGlobalSection
	GlobalSection(ProjectConfigurationPlatforms) = postSolution
		{CE2EA9E2-7D4D-4A17-9E9E-EE3BD1F07762}.Debug|Any CPU.ActiveCfg = Debug|Any CPU
		{CE2EA9E2-7D4D-4A17-9E9E-EE3BD1F07762}.Debug|Any CPU.Build.0 = Debug|Any CPU
		{CE2EA9E2-7D4D-4A17-9E9E-EE3BD1F07762}.Release|Any CPU.ActiveCfg = Release|Any CPU
		{CE2EA9E2-7D4D-4A17-9E9E-EE3BD1F07762}.Release|Any CPU.Build.0 = Release|Any CPU
	EndGlobalSection
	GlobalSection(SolutionProperties) = preSolution
		HideSolutionNode = FALSE
	EndGlobalSection
	GlobalSection(ExtensibilityGlobals) = postSolution
		SolutionGuid = {5524CD0E-1481-4972-AFCC-0853978C8213}
	EndGlobalSection
EndGlobal
